
Microsoft Visual Studio Solution File, Format Version 12.00
# Visual Studio Version 17
VisualStudioVersion = 17.4.33122.133
MinimumVisualStudioVersion = 10.0.40219.1
Project("{FAE04EC0-301F-11D3-BF4B-00C04F79EFBC}") = "LondonLab6", "LondonLab6\LondonLab6.csproj", "{415DF8B6-D4E0-41EF-91DF-962BA09BD8BB}"
EndProject
Global
	GlobalSection(SolutionConfigurationPlatforms) = preSolution
		Debug|Any CPU = Debug|Any CPU
		Release|Any CPU = Release|Any CPU
	EndGlobalSection
	GlobalSection(ProjectConfigurationPlatforms) = postSolution
		{415DF8B6-D4E0-41EF-91DF-962BA09BD8BB}.Debug|Any CPU.ActiveCfg = Debug|Any CPU
		{415DF8B6-D4E0-41EF-91DF-962BA09BD8BB}.Debug|Any CPU.Build.0 = Debug|Any CPU
		{415DF8B6-D4E0-41EF-91DF-962BA09BD8BB}.Release|Any CPU.ActiveCfg = Release|Any CPU
		{415DF8B6-D4E0-41EF-91DF-962BA09BD8BB}.Release|Any CPU.Build.0 = Release|Any CPU
	EndGlobalSection
	GlobalSection(SolutionProperties) = preSolution
		HideSolutionNode = FALSE
	EndGlobalSection
	GlobalSection(ExtensibilityGlobals) = postSolution
		SolutionGuid = {B1BE70D6-47C5-424A-882B-93DF096F851D}
	EndGlobalSection
EndGlobal
